
Microsoft Visual Studio Solution File, Format Version 12.00
# Visual Studio Version 16
VisualStudioVersion = 16.0.33423.256
MinimumVisualStudioVersion = 10.0.40219.1
Project("{FAE04EC0-301F-11D3-BF4B-00C04F79EFBC}") = "parameterizedconstructor", "parameterizedconstructor.csproj", "{33DC09D8-01E4-4459-AF05-A1AF3AF0C3C8}"
EndProject
Global
	GlobalSection(SolutionConfigurationPlatforms) = preSolution
		Debug|Any CPU = Debug|Any CPU
		Release|Any CPU = Release|Any CPU
	EndGlobalSection
	GlobalSection(ProjectConfigurationPlatforms) = postSolution
		{33DC09D8-01E4-4459-AF05-A1AF3AF0C3C8}.Debug|Any CPU.ActiveCfg = Debug|Any CPU
		{33DC09D8-01E4-4459-AF05-A1AF3AF0C3C8}.Debug|Any CPU.Build.0 = Debug|Any CPU
		{33DC09D8-01E4-4459-AF05-A1AF3AF0C3C8}.Release|Any CPU.ActiveCfg = Release|Any CPU
		{33DC09D8-01E4-4459-AF05-A1AF3AF0C3C8}.Release|Any CPU.Build.0 = Release|Any CPU
	EndGlobalSection
	GlobalSection(SolutionProperties) = preSolution
		HideSolutionNode = FALSE
	EndGlobalSection
	GlobalSection(ExtensibilityGlobals) = postSolution
		SolutionGuid = {7056A71A-ACC2-4487-9035-BA3EEAFB7A55}
	EndGlobalSection
EndGlobal
