
Microsoft Visual Studio Solution File, Format Version 12.00
# Visual Studio Version 16
VisualStudioVersion = 16.0.33423.256
MinimumVisualStudioVersion = 10.0.40219.1
Project("{FAE04EC0-301F-11D3-BF4B-00C04F79EFBC}") = "Challenge 2 Product Management", "Challenge 2 Product Management\Challenge 2 Product Management.csproj", "{608D7974-8546-4DCC-9A6B-CAE3655BB02E}"
EndProject
Global
	GlobalSection(SolutionConfigurationPlatforms) = preSolution
		Debug|Any CPU = Debug|Any CPU
		Release|Any CPU = Release|Any CPU
	EndGlobalSection
	GlobalSection(ProjectConfigurationPlatforms) = postSolution
		{608D7974-8546-4DCC-9A6B-CAE3655BB02E}.Debug|Any CPU.ActiveCfg = Debug|Any CPU
		{608D7974-8546-4DCC-9A6B-CAE3655BB02E}.Debug|Any CPU.Build.0 = Debug|Any CPU
		{608D7974-8546-4DCC-9A6B-CAE3655BB02E}.Release|Any CPU.ActiveCfg = Release|Any CPU
		{608D7974-8546-4DCC-9A6B-CAE3655BB02E}.Release|Any CPU.Build.0 = Release|Any CPU
	EndGlobalSection
	GlobalSection(SolutionProperties) = preSolution
		HideSolutionNode = FALSE
	EndGlobalSection
	GlobalSection(ExtensibilityGlobals) = postSolution
		SolutionGuid = {E9989749-7F2A-499D-B854-85AFC9C38328}
	EndGlobalSection
EndGlobal
