
Microsoft Visual Studio Solution File, Format Version 12.00
# Visual Studio Version 16
VisualStudioVersion = 16.0.33423.256
MinimumVisualStudioVersion = 10.0.40219.1
Project("{FAE04EC0-301F-11D3-BF4B-00C04F79EFBC}") = "SignUpSignIn", "SignUpSignIn\SignUpSignIn.csproj", "{297FCAD2-26B1-4FA5-AA75-DDD56685F885}"
EndProject
Global
	GlobalSection(SolutionConfigurationPlatforms) = preSolution
		Debug|Any CPU = Debug|Any CPU
		Release|Any CPU = Release|Any CPU
	EndGlobalSection
	GlobalSection(ProjectConfigurationPlatforms) = postSolution
		{297FCAD2-26B1-4FA5-AA75-DDD56685F885}.Debug|Any CPU.ActiveCfg = Debug|Any CPU
		{297FCAD2-26B1-4FA5-AA75-DDD56685F885}.Debug|Any CPU.Build.0 = Debug|Any CPU
		{297FCAD2-26B1-4FA5-AA75-DDD56685F885}.Release|Any CPU.ActiveCfg = Release|Any CPU
		{297FCAD2-26B1-4FA5-AA75-DDD56685F885}.Release|Any CPU.Build.0 = Release|Any CPU
	EndGlobalSection
	GlobalSection(SolutionProperties) = preSolution
		HideSolutionNode = FALSE
	EndGlobalSection
	GlobalSection(ExtensibilityGlobals) = postSolution
		SolutionGuid = {219428F2-7B93-4D1E-9B21-D7D24BFE1F5E}
	EndGlobalSection
EndGlobal
