
Microsoft Visual Studio Solution File, Format Version 12.00
# Visual Studio Version 16
VisualStudioVersion = 16.0.33423.256
MinimumVisualStudioVersion = 10.0.40219.1
Project("{FAE04EC0-301F-11D3-BF4B-00C04F79EFBC}") = "Incecream(2022R2021cs199)", "Incecream(2022R2021cs199).csproj", "{3ECA4E2C-B828-4A72-A837-A7F3C16FAEE6}"
EndProject
Global
	GlobalSection(SolutionConfigurationPlatforms) = preSolution
		Debug|Any CPU = Debug|Any CPU
		Release|Any CPU = Release|Any CPU
	EndGlobalSection
	GlobalSection(ProjectConfigurationPlatforms) = postSolution
		{3ECA4E2C-B828-4A72-A837-A7F3C16FAEE6}.Debug|Any CPU.ActiveCfg = Debug|Any CPU
		{3ECA4E2C-B828-4A72-A837-A7F3C16FAEE6}.Debug|Any CPU.Build.0 = Debug|Any CPU
		{3ECA4E2C-B828-4A72-A837-A7F3C16FAEE6}.Release|Any CPU.ActiveCfg = Release|Any CPU
		{3ECA4E2C-B828-4A72-A837-A7F3C16FAEE6}.Release|Any CPU.Build.0 = Release|Any CPU
	EndGlobalSection
	GlobalSection(SolutionProperties) = preSolution
		HideSolutionNode = FALSE
	EndGlobalSection
	GlobalSection(ExtensibilityGlobals) = postSolution
		SolutionGuid = {08872552-34BA-45EB-894E-BB675627FE54}
	EndGlobalSection
EndGlobal
