
Microsoft Visual Studio Solution File, Format Version 12.00
# Visual Studio Version 16
VisualStudioVersion = 16.0.33423.256
MinimumVisualStudioVersion = 10.0.40219.1
Project("{FAE04EC0-301F-11D3-BF4B-00C04F79EFBC}") = "sort", "sort.csproj", "{2FB848F8-45CB-472C-A52F-F0423D33FAD8}"
EndProject
Global
	GlobalSection(SolutionConfigurationPlatforms) = preSolution
		Debug|Any CPU = Debug|Any CPU
		Release|Any CPU = Release|Any CPU
	EndGlobalSection
	GlobalSection(ProjectConfigurationPlatforms) = postSolution
		{2FB848F8-45CB-472C-A52F-F0423D33FAD8}.Debug|Any CPU.ActiveCfg = Debug|Any CPU
		{2FB848F8-45CB-472C-A52F-F0423D33FAD8}.Debug|Any CPU.Build.0 = Debug|Any CPU
		{2FB848F8-45CB-472C-A52F-F0423D33FAD8}.Release|Any CPU.ActiveCfg = Release|Any CPU
		{2FB848F8-45CB-472C-A52F-F0423D33FAD8}.Release|Any CPU.Build.0 = Release|Any CPU
	EndGlobalSection
	GlobalSection(SolutionProperties) = preSolution
		HideSolutionNode = FALSE
	EndGlobalSection
	GlobalSection(ExtensibilityGlobals) = postSolution
		SolutionGuid = {1A025EAC-4557-4A70-93AD-72E029E48E5B}
	EndGlobalSection
EndGlobal
